
Microsoft Visual Studio Solution File, Format Version 12.00
# Visual Studio Version 16
VisualStudioVersion = 16.0.30104.148
MinimumVisualStudioVersion = 10.0.40219.1
Project("{FAE04EC0-301F-11D3-BF4B-00C04F79EFBC}") = "AreaCalculator", "AreaCalculator.csproj", "{00DF97A1-0A1D-490A-A705-F40D40FA5942}"
EndProject
Global
	GlobalSection(SolutionConfigurationPlatforms) = preSolution
		Debug|Any CPU = Debug|Any CPU
		Release|Any CPU = Release|Any CPU
	EndGlobalSection
	GlobalSection(ProjectConfigurationPlatforms) = postSolution
		{00DF97A1-0A1D-490A-A705-F40D40FA5942}.Debug|Any CPU.ActiveCfg = Debug|Any CPU
		{00DF97A1-0A1D-490A-A705-F40D40FA5942}.Debug|Any CPU.Build.0 = Debug|Any CPU
		{00DF97A1-0A1D-490A-A705-F40D40FA5942}.Release|Any CPU.ActiveCfg = Release|Any CPU
		{00DF97A1-0A1D-490A-A705-F40D40FA5942}.Release|Any CPU.Build.0 = Release|Any CPU
	EndGlobalSection
	GlobalSection(SolutionProperties) = preSolution
		HideSolutionNode = FALSE
	EndGlobalSection
	GlobalSection(ExtensibilityGlobals) = postSolution
		SolutionGuid = {1E3548F8-C982-49C7-89B7-30E24688E91F}
	EndGlobalSection
EndGlobal
